
Microsoft Visual Studio Solution File, Format Version 12.00
# Visual Studio Version 16
VisualStudioVersion = 16.0.28917.181
MinimumVisualStudioVersion = 10.0.40219.1
Project("{FAE04EC0-301F-11D3-BF4B-00C04F79EFBC}") = "laba3fix", "laba3fix\laba3fix.csproj", "{CFF0CC00-AB1C-44C8-8C72-A85546A42ADF}"
EndProject
Global
	GlobalSection(SolutionConfigurationPlatforms) = preSolution
		Debug|Any CPU = Debug|Any CPU
		Release|Any CPU = Release|Any CPU
	EndGlobalSection
	GlobalSection(ProjectConfigurationPlatforms) = postSolution
		{CFF0CC00-AB1C-44C8-8C72-A85546A42ADF}.Debug|Any CPU.ActiveCfg = Debug|Any CPU
		{CFF0CC00-AB1C-44C8-8C72-A85546A42ADF}.Debug|Any CPU.Build.0 = Debug|Any CPU
		{CFF0CC00-AB1C-44C8-8C72-A85546A42ADF}.Release|Any CPU.ActiveCfg = Release|Any CPU
		{CFF0CC00-AB1C-44C8-8C72-A85546A42ADF}.Release|Any CPU.Build.0 = Release|Any CPU
	EndGlobalSection
	GlobalSection(SolutionProperties) = preSolution
		HideSolutionNode = FALSE
	EndGlobalSection
	GlobalSection(ExtensibilityGlobals) = postSolution
		SolutionGuid = {B4E29FD1-F4A2-4C6B-8F40-B11EE595B6BA}
	EndGlobalSection
EndGlobal
